
Microsoft Visual Studio Solution File, Format Version 12.00
# Visual Studio Version 16
VisualStudioVersion = 16.0.31515.178
MinimumVisualStudioVersion = 10.0.40219.1
Project("{FAE04EC0-301F-11D3-BF4B-00C04F79EFBC}") = "TareaSMN10", "TareaSMN10\TareaSMN10.csproj", "{BEE8B2DC-F57D-4404-BA8E-58F82115F1CB}"
EndProject
Global
	GlobalSection(SolutionConfigurationPlatforms) = preSolution
		Debug|Any CPU = Debug|Any CPU
		Release|Any CPU = Release|Any CPU
	EndGlobalSection
	GlobalSection(ProjectConfigurationPlatforms) = postSolution
		{BEE8B2DC-F57D-4404-BA8E-58F82115F1CB}.Debug|Any CPU.ActiveCfg = Debug|Any CPU
		{BEE8B2DC-F57D-4404-BA8E-58F82115F1CB}.Debug|Any CPU.Build.0 = Debug|Any CPU
		{BEE8B2DC-F57D-4404-BA8E-58F82115F1CB}.Release|Any CPU.ActiveCfg = Release|Any CPU
		{BEE8B2DC-F57D-4404-BA8E-58F82115F1CB}.Release|Any CPU.Build.0 = Release|Any CPU
	EndGlobalSection
	GlobalSection(SolutionProperties) = preSolution
		HideSolutionNode = FALSE
	EndGlobalSection
	GlobalSection(ExtensibilityGlobals) = postSolution
		SolutionGuid = {0018BC5A-15AF-442E-9F32-23BBB64C86AC}
	EndGlobalSection
EndGlobal
